{
  "object": {
    "pins": [
      {
        "package": "AirtableKit",
        "repositoryURL": "git@github.com:appledeveloperacademypucrs/AirtableKit.git",
        "state": {
          "branch": null,
          "revision": "8732c588110c89f63f847198ba33d788f7071db6",
          "version": "0.0.1"
        }
      }
    ]
  },
  "version": 1
}
